// !$*UTF8*$!
{
	archiveVersion = 1;
	classes = {
	};
	objectVersion = 56;
	objects = {

/* Begin PBXBuildFile section */
		05211C4829FA917B00E27890 /* Travel.swift in Sources */ = {isa = PBXBuildFile; fileRef = 05211C4729FA917B00E27890 /* Travel.swift */; };
		6650C59C29F963FD00B45521 /* QuizViewController.swift in Sources */ = {isa = PBXBuildFile; fileRef = 6650C59B29F963FC00B45521 /* QuizViewController.swift */; };
		66823B8F29F9424F001CEFCE /* QuizStoryboard.storyboard in Resources */ = {isa = PBXBuildFile; fileRef = 66823B8E29F9424F001CEFCE /* QuizStoryboard.storyboard */; };
		6C22A69F29F7FEF3001342A5 /* DataStore.swift in Sources */ = {isa = PBXBuildFile; fileRef = 6C22A69E29F7FEF3001342A5 /* DataStore.swift */; };
		6C25A73129F90F0D00126A13 /* TeamInfo.storyboard in Resources */ = {isa = PBXBuildFile; fileRef = 6C25A73029F90F0D00126A13 /* TeamInfo.storyboard */; };
		6C25D85129F7F9E300A3D238 /* AppDelegate.swift in Sources */ = {isa = PBXBuildFile; fileRef = 6C25D85029F7F9E300A3D238 /* AppDelegate.swift */; };
		6C25D85329F7F9E300A3D238 /* SceneDelegate.swift in Sources */ = {isa = PBXBuildFile; fileRef = 6C25D85229F7F9E300A3D238 /* SceneDelegate.swift */; };
		6C25D85529F7F9E300A3D238 /* WelcomeViewController.swift in Sources */ = {isa = PBXBuildFile; fileRef = 6C25D85429F7F9E300A3D238 /* WelcomeViewController.swift */; };
		6C25D85829F7F9E300A3D238 /* Main.storyboard in Resources */ = {isa = PBXBuildFile; fileRef = 6C25D85629F7F9E300A3D238 /* Main.storyboard */; };
		6C25D85A29F7F9E600A3D238 /* Assets.xcassets in Resources */ = {isa = PBXBuildFile; fileRef = 6C25D85929F7F9E600A3D238 /* Assets.xcassets */; };
		6C25D85D29F7F9E600A3D238 /* LaunchScreen.storyboard in Resources */ = {isa = PBXBuildFile; fileRef = 6C25D85B29F7F9E600A3D238 /* LaunchScreen.storyboard */; };
		6CCC66BC29FBDA5800CAAA73 /* TeamInfoViewController.swift in Sources */ = {isa = PBXBuildFile; fileRef = 6CCC66BB29FBDA5800CAAA73 /* TeamInfoViewController.swift */; };
/* End PBXBuildFile section */

/* Begin PBXFileReference section */
		05211C4729FA917B00E27890 /* Travel.swift */ = {isa = PBXFileReference; lastKnownFileType = sourcecode.swift; name = Travel.swift; path = TimeHopper/ViewControllers/Travel.swift; sourceTree = SOURCE_ROOT; };
		6650C59B29F963FC00B45521 /* QuizViewController.swift */ = {isa = PBXFileReference; lastKnownFileType = sourcecode.swift; path = QuizViewController.swift; sourceTree = "<group>"; };
		66823B8E29F9424F001CEFCE /* QuizStoryboard.storyboard */ = {isa = PBXFileReference; lastKnownFileType = file.storyboard; path = QuizStoryboard.storyboard; sourceTree = "<group>"; };
		6C22A69E29F7FEF3001342A5 /* DataStore.swift */ = {isa = PBXFileReference; lastKnownFileType = sourcecode.swift; path = DataStore.swift; sourceTree = "<group>"; };
		6C25A73029F90F0D00126A13 /* TeamInfo.storyboard */ = {isa = PBXFileReference; lastKnownFileType = file.storyboard; path = TeamInfo.storyboard; sourceTree = "<group>"; };
		6C25D84D29F7F9E300A3D238 /* TimeHopper.app */ = {isa = PBXFileReference; explicitFileType = wrapper.application; includeInIndex = 0; path = TimeHopper.app; sourceTree = BUILT_PRODUCTS_DIR; };
		6C25D85029F7F9E300A3D238 /* AppDelegate.swift */ = {isa = PBXFileReference; lastKnownFileType = sourcecode.swift; path = AppDelegate.swift; sourceTree = "<group>"; };
		6C25D85229F7F9E300A3D238 /* SceneDelegate.swift */ = {isa = PBXFileReference; lastKnownFileType = sourcecode.swift; path = SceneDelegate.swift; sourceTree = "<group>"; };
		6C25D85429F7F9E300A3D238 /* WelcomeViewController.swift */ = {isa = PBXFileReference; lastKnownFileType = sourcecode.swift; path = WelcomeViewController.swift; sourceTree = "<group>"; };
		6C25D85729F7F9E300A3D238 /* Base */ = {isa = PBXFileReference; lastKnownFileType = file.storyboard; name = Base; path = Base.lproj/Main.storyboard; sourceTree = "<group>"; };
		6C25D85929F7F9E600A3D238 /* Assets.xcassets */ = {isa = PBXFileReference; lastKnownFileType = folder.assetcatalog; path = Assets.xcassets; sourceTree = "<group>"; };
		6C25D85C29F7F9E600A3D238 /* Base */ = {isa = PBXFileReference; lastKnownFileType = file.storyboard; name = Base; path = Base.lproj/LaunchScreen.storyboard; sourceTree = "<group>"; };
		6C25D85E29F7F9E600A3D238 /* Info.plist */ = {isa = PBXFileReference; lastKnownFileType = text.plist.xml; path = Info.plist; sourceTree = "<group>"; };
		6CCC66BB29FBDA5800CAAA73 /* TeamInfoViewController.swift */ = {isa = PBXFileReference; lastKnownFileType = sourcecode.swift; path = TeamInfoViewController.swift; sourceTree = "<group>"; };
/* End PBXFileReference section */

/* Begin PBXFrameworksBuildPhase section */
		6C25D84A29F7F9E300A3D238 /* Frameworks */ = {
			isa = PBXFrameworksBuildPhase;
			buildActionMask = 2147483647;
			files = (
			);
			runOnlyForDeploymentPostprocessing = 0;
		};
/* End PBXFrameworksBuildPhase section */

/* Begin PBXGroup section */
		6C22A69C29F7FED9001342A5 /* Models */ = {
			isa = PBXGroup;
			children = (
				05211C4729FA917B00E27890 /* Travel.swift */,
			);
			path = Models;
			sourceTree = "<group>";
		};
		6C22A69D29F7FEE3001342A5 /* Services */ = {
			isa = PBXGroup;
			children = (
				6C22A69E29F7FEF3001342A5 /* DataStore.swift */,
			);
			path = Services;
			sourceTree = "<group>";
		};
		6C22A6A029F7FF02001342A5 /* Storyboards */ = {
			isa = PBXGroup;
			children = (
				6C25D85629F7F9E300A3D238 /* Main.storyboard */,
				6C25D85B29F7F9E600A3D238 /* LaunchScreen.storyboard */,
				05215D3829F92B4600602521 /* Questions.storyboard */,
				66823B8E29F9424F001CEFCE /* QuizStoryboard.storyboard */,
				6C25A73029F90F0D00126A13 /* TeamInfo.storyboard */,
			);
			path = Storyboards;
			sourceTree = "<group>";
		};
		6C22A6A129F7FF10001342A5 /* App */ = {
			isa = PBXGroup;
			children = (
				6C25D85029F7F9E300A3D238 /* AppDelegate.swift */,
				6C25D85229F7F9E300A3D238 /* SceneDelegate.swift */,
				6C25D85E29F7F9E600A3D238 /* Info.plist */,
			);
			path = App;
			sourceTree = "<group>";
		};
		6C22A6A229F7FF20001342A5 /* Resources */ = {
			isa = PBXGroup;
			children = (
				6C25D85929F7F9E600A3D238 /* Assets.xcassets */,
			);
			path = Resources;
			sourceTree = "<group>";
		};
		6C25D84429F7F9E300A3D238 = {
			isa = PBXGroup;
			children = (
				6C25D84F29F7F9E300A3D238 /* TimeHopper */,
				6C25D84E29F7F9E300A3D238 /* Products */,
			);
			sourceTree = "<group>";
		};
		6C25D84E29F7F9E300A3D238 /* Products */ = {
			isa = PBXGroup;
			children = (
				6C25D84D29F7F9E300A3D238 /* TimeHopper.app */,
			);
			name = Products;
			sourceTree = "<group>";
		};
		6C25D84F29F7F9E300A3D238 /* TimeHopper */ = {
			isa = PBXGroup;
			children = (
				6C25D86E29F7FE6900A3D238 /* ViewControllers */,
				6C22A69C29F7FED9001342A5 /* Models */,
				6C22A69D29F7FEE3001342A5 /* Services */,
				6C22A6A029F7FF02001342A5 /* Storyboards */,
				6C22A6A129F7FF10001342A5 /* App */,
				6C22A6A229F7FF20001342A5 /* Resources */,
			);
			path = TimeHopper;
			sourceTree = "<group>";
		};
		6C25D86E29F7FE6900A3D238 /* ViewControllers */ = {
			isa = PBXGroup;
			children = (
				6C25D85429F7F9E300A3D238 /* WelcomeViewController.swift */,
				059061FB29F984B600986C5C /* QuestionsViewController.swift */,
				6650C59B29F963FC00B45521 /* QuizViewController.swift */,
				6CCC66BB29FBDA5800CAAA73 /* TeamInfoViewController.swift */,
			);
			path = ViewControllers;
			sourceTree = "<group>";
		};
/* End PBXGroup section */

/* Begin PBXNativeTarget section */
		6C25D84C29F7F9E300A3D238 /* TimeHopper */ = {
			isa = PBXNativeTarget;
			buildConfigurationList = 6C25D86129F7F9E600A3D238 /* Build configuration list for PBXNativeTarget "TimeHopper" */;
			buildPhases = (
				6C25D84929F7F9E300A3D238 /* Sources */,
				6C25D84A29F7F9E300A3D238 /* Frameworks */,
				6C25D84B29F7F9E300A3D238 /* Resources */,
			);
			buildRules = (
			);
			dependencies = (
			);
			name = TimeHopper;
			productName = TimeHopper;
			productReference = 6C25D84D29F7F9E300A3D238 /* TimeHopper.app */;
			productType = "com.apple.product-type.application";
		};
/* End PBXNativeTarget section */

/* Begin PBXProject section */
		6C25D84529F7F9E300A3D238 /* Project object */ = {
			isa = PBXProject;
			attributes = {
				BuildIndependentTargetsInParallel = 1;
				LastSwiftUpdateCheck = 1430;
				LastUpgradeCheck = 1430;
				TargetAttributes = {
					6C25D84C29F7F9E300A3D238 = {
						CreatedOnToolsVersion = 14.3;
					};
				};
			};
			buildConfigurationList = 6C25D84829F7F9E300A3D238 /* Build configuration list for PBXProject "TimeHopper" */;
			compatibilityVersion = "Xcode 14.0";
			developmentRegion = en;
			hasScannedForEncodings = 0;
			knownRegions = (
				en,
				Base,
			);
			mainGroup = 6C25D84429F7F9E300A3D238;
			productRefGroup = 6C25D84E29F7F9E300A3D238 /* Products */;
			projectDirPath = "";
			projectRoot = "";
			targets = (
				6C25D84C29F7F9E300A3D238 /* TimeHopper */,
			);
		};
/* End PBXProject section */

/* Begin PBXResourcesBuildPhase section */
		6C25D84B29F7F9E300A3D238 /* Resources */ = {
			isa = PBXResourcesBuildPhase;
			buildActionMask = 2147483647;
			files = (
				6C25D85D29F7F9E600A3D238 /* LaunchScreen.storyboard in Resources */,
				6C25A73129F90F0D00126A13 /* TeamInfo.storyboard in Resources */,
				6C25D85A29F7F9E600A3D238 /* Assets.xcassets in Resources */,
				05215D3929F92B4600602521 /* Questions.storyboard in Resources */,
				66823B8F29F9424F001CEFCE /* QuizStoryboard.storyboard in Resources */,
				6C25D85829F7F9E300A3D238 /* Main.storyboard in Resources */,
			);
			runOnlyForDeploymentPostprocessing = 0;
		};
/* End PBXResourcesBuildPhase section */

/* Begin PBXSourcesBuildPhase section */
		6C25D84929F7F9E300A3D238 /* Sources */ = {
			isa = PBXSourcesBuildPhase;
			buildActionMask = 2147483647;
			files = (
				6CCC66BC29FBDA5800CAAA73 /* TeamInfoViewController.swift in Sources */,
				6C25D85529F7F9E300A3D238 /* WelcomeViewController.swift in Sources */,
				059061FC29F984B600986C5C /* QuestionsViewController.swift in Sources */,
				6650C59C29F963FD00B45521 /* QuizViewController.swift in Sources */,
				6C22A69F29F7FEF3001342A5 /* DataStore.swift in Sources */,
				05211C4829FA917B00E27890 /* Travel.swift in Sources */,
				6C25D85129F7F9E300A3D238 /* AppDelegate.swift in Sources */,
				6C25D85329F7F9E300A3D238 /* SceneDelegate.swift in Sources */,
			);
			runOnlyForDeploymentPostprocessing = 0;
		};
/* End PBXSourcesBuildPhase section */

/* Begin PBXVariantGroup section */
		6C25D85629F7F9E300A3D238 /* Main.storyboard */ = {
			isa = PBXVariantGroup;
			children = (
				6C25D85729F7F9E300A3D238 /* Base */,
			);
			name = Main.storyboard;
			sourceTree = "<group>";
		};
		6C25D85B29F7F9E600A3D238 /* LaunchScreen.storyboard */ = {
			isa = PBXVariantGroup;
			children = (
				6C25D85C29F7F9E600A3D238 /* Base */,
			);
			name = LaunchScreen.storyboard;
			sourceTree = "<group>";
		};
/* End PBXVariantGroup section */

/* Begin XCBuildConfiguration section */
		6C25D85F29F7F9E600A3D238 /* Debug */ = {
			isa = XCBuildConfiguration;
			buildSettings = {
				ALWAYS_SEARCH_USER_PATHS = NO;
				CLANG_ANALYZER_NONNULL = YES;
				CLANG_ANALYZER_NUMBER_OBJECT_CONVERSION = YES_AGGRESSIVE;
				CLANG_CXX_LANGUAGE_STANDARD = "gnu++20";
				CLANG_ENABLE_MODULES = YES;
				CLANG_ENABLE_OBJC_ARC = YES;
				CLANG_ENABLE_OBJC_WEAK = YES;
				CLANG_WARN_BLOCK_CAPTURE_AUTORELEASING = YES;
				CLANG_WARN_BOOL_CONVERSION = YES;
				CLANG_WARN_COMMA = YES;
				CLANG_WARN_CONSTANT_CONVERSION = YES;
				CLANG_WARN_DEPRECATED_OBJC_IMPLEMENTATIONS = YES;
				CLANG_WARN_DIRECT_OBJC_ISA_USAGE = YES_ERROR;
				CLANG_WARN_DOCUMENTATION_COMMENTS = YES;
				CLANG_WARN_EMPTY_BODY = YES;
				CLANG_WARN_ENUM_CONVERSION = YES;
				CLANG_WARN_INFINITE_RECURSION = YES;
				CLANG_WARN_INT_CONVERSION = YES;
				CLANG_WARN_NON_LITERAL_NULL_CONVERSION = YES;
				CLANG_WARN_OBJC_IMPLICIT_RETAIN_SELF = YES;
				CLANG_WARN_OBJC_LITERAL_CONVERSION = YES;
				CLANG_WARN_OBJC_ROOT_CLASS = YES_ERROR;
				CLANG_WARN_QUOTED_INCLUDE_IN_FRAMEWORK_HEADER = YES;
				CLANG_WARN_RANGE_LOOP_ANALYSIS = YES;
				CLANG_WARN_STRICT_PROTOTYPES = YES;
				CLANG_WARN_SUSPICIOUS_MOVE = YES;
				CLANG_WARN_UNGUARDED_AVAILABILITY = YES_AGGRESSIVE;
				CLANG_WARN_UNREACHABLE_CODE = YES;
				CLANG_WARN__DUPLICATE_METHOD_MATCH = YES;
				COPY_PHASE_STRIP = NO;
				DEBUG_INFORMATION_FORMAT = dwarf;
				ENABLE_STRICT_OBJC_MSGSEND = YES;
				ENABLE_TESTABILITY = YES;
				GCC_C_LANGUAGE_STANDARD = gnu11;
				GCC_DYNAMIC_NO_PIC = NO;
				GCC_NO_COMMON_BLOCKS = YES;
				GCC_OPTIMIZATION_LEVEL = 0;
				GCC_PREPROCESSOR_DEFINITIONS = (
					"DEBUG=1",
					"$(inherited)",
				);
				GCC_WARN_64_TO_32_BIT_CONVERSION = YES;
				GCC_WARN_ABOUT_RETURN_TYPE = YES_ERROR;
				GCC_WARN_UNDECLARED_SELECTOR = YES;
				GCC_WARN_UNINITIALIZED_AUTOS = YES_AGGRESSIVE;
				GCC_WARN_UNUSED_FUNCTION = YES;
				GCC_WARN_UNUSED_VARIABLE = YES;
				IPHONEOS_DEPLOYMENT_TARGET = 16.4;
				MTL_ENABLE_DEBUG_INFO = INCLUDE_SOURCE;
				MTL_FAST_MATH = YES;
				ONLY_ACTIVE_ARCH = YES;
				SDKROOT = iphoneos;
				SWIFT_ACTIVE_COMPILATION_CONDITIONS = DEBUG;
				SWIFT_OPTIMIZATION_LEVEL = "-Onone";
			};
			name = Debug;
		};
		6C25D86029F7F9E600A3D238 /* Release */ = {
			isa = XCBuildConfiguration;
			buildSettings = {
				ALWAYS_SEARCH_USER_PATHS = NO;
				CLANG_ANALYZER_NONNULL = YES;
				CLANG_ANALYZER_NUMBER_OBJECT_CONVERSION = YES_AGGRESSIVE;
				CLANG_CXX_LANGUAGE_STANDARD = "gnu++20";
				CLANG_ENABLE_MODULES = YES;
				CLANG_ENABLE_OBJC_ARC = YES;
				CLANG_ENABLE_OBJC_WEAK = YES;
				CLANG_WARN_BLOCK_CAPTURE_AUTORELEASING = YES;
				CLANG_WARN_BOOL_CONVERSION = YES;
				CLANG_WARN_COMMA = YES;
				CLANG_WARN_CONSTANT_CONVERSION = YES;
				CLANG_WARN_DEPRECATED_OBJC_IMPLEMENTATIONS = YES;
				CLANG_WARN_DIRECT_OBJC_ISA_USAGE = YES_ERROR;
				CLANG_WARN_DOCUMENTATION_COMMENTS = YES;
				CLANG_WARN_EMPTY_BODY = YES;
				CLANG_WARN_ENUM_CONVERSION = YES;
				CLANG_WARN_INFINITE_RECURSION = YES;
				CLANG_WARN_INT_CONVERSION = YES;
				CLANG_WARN_NON_LITERAL_NULL_CONVERSION = YES;
				CLANG_WARN_OBJC_IMPLICIT_RETAIN_SELF = YES;
				CLANG_WARN_OBJC_LITERAL_CONVERSION = YES;
				CLANG_WARN_OBJC_ROOT_CLASS = YES_ERROR;
				CLANG_WARN_QUOTED_INCLUDE_IN_FRAMEWORK_HEADER = YES;
				CLANG_WARN_RANGE_LOOP_ANALYSIS = YES;
				CLANG_WARN_STRICT_PROTOTYPES = YES;
				CLANG_WARN_SUSPICIOUS_MOVE = YES;
				CLANG_WARN_UNGUARDED_AVAILABILITY = YES_AGGRESSIVE;
				CLANG_WARN_UNREACHABLE_CODE = YES;
				CLANG_WARN__DUPLICATE_METHOD_MATCH = YES;
				COPY_PHASE_STRIP = NO;
				DEBUG_INFORMATION_FORMAT = "dwarf-with-dsym";
				ENABLE_NS_ASSERTIONS = NO;
				ENABLE_STRICT_OBJC_MSGSEND = YES;
				GCC_C_LANGUAGE_STANDARD = gnu11;
				GCC_NO_COMMON_BLOCKS = YES;
				GCC_WARN_64_TO_32_BIT_CONVERSION = YES;
				GCC_WARN_ABOUT_RETURN_TYPE = YES_ERROR;
				GCC_WARN_UNDECLARED_SELECTOR = YES;
				GCC_WARN_UNINITIALIZED_AUTOS = YES_AGGRESSIVE;
				GCC_WARN_UNUSED_FUNCTION = YES;
				GCC_WARN_UNUSED_VARIABLE = YES;
				IPHONEOS_DEPLOYMENT_TARGET = 16.4;
				MTL_ENABLE_DEBUG_INFO = NO;
				MTL_FAST_MATH = YES;
				SDKROOT = iphoneos;
				SWIFT_COMPILATION_MODE = wholemodule;
				SWIFT_OPTIMIZATION_LEVEL = "-O";
				VALIDATE_PRODUCT = YES;
			};
			name = Release;
		};
		6C25D86229F7F9E600A3D238 /* Debug */ = {
			isa = XCBuildConfiguration;
			buildSettings = {
				ASSETCATALOG_COMPILER_APPICON_NAME = AppIcon;
				ASSETCATALOG_COMPILER_GLOBAL_ACCENT_COLOR_NAME = AccentColor;
				CODE_SIGN_STYLE = Automatic;
				CURRENT_PROJECT_VERSION = 1;
				GENERATE_INFOPLIST_FILE = YES;
				INFOPLIST_FILE = TimeHopper/App/Info.plist;
				INFOPLIST_KEY_CFBundleDisplayName = "Time Hooper";
				INFOPLIST_KEY_UIApplicationSupportsIndirectInputEvents = YES;
				INFOPLIST_KEY_UILaunchStoryboardName = LaunchScreen.storyboard;
				INFOPLIST_KEY_UIMainStoryboardFile = Main;
				INFOPLIST_KEY_UISupportedInterfaceOrientations = UIInterfaceOrientationPortrait;
				INFOPLIST_KEY_UISupportedInterfaceOrientations_iPad = "UIInterfaceOrientationLandscapeLeft UIInterfaceOrientationLandscapeRight UIInterfaceOrientationPortrait UIInterfaceOrientationPortraitUpsideDown";
				IPHONEOS_DEPLOYMENT_TARGET = 15.5;
				LD_RUNPATH_SEARCH_PATHS = (
					"$(inherited)",
					"@executable_path/Frameworks",
				);
				MARKETING_VERSION = 1.0;
				PRODUCT_BUNDLE_IDENTIFIER = elena.sharipova.TimeHopper;
				PRODUCT_NAME = "$(TARGET_NAME)";
				SUPPORTED_PLATFORMS = "iphoneos iphonesimulator";
				SUPPORTS_MACCATALYST = NO;
				SUPPORTS_MAC_DESIGNED_FOR_IPHONE_IPAD = NO;
				SWIFT_EMIT_LOC_STRINGS = YES;
				SWIFT_VERSION = 5.0;
				TARGETED_DEVICE_FAMILY = 1;
			};
			name = Debug;
		};
		6C25D86329F7F9E600A3D238 /* Release */ = {
			isa = XCBuildConfiguration;
			buildSettings = {
				ASSETCATALOG_COMPILER_APPICON_NAME = AppIcon;
				ASSETCATALOG_COMPILER_GLOBAL_ACCENT_COLOR_NAME = AccentColor;
				CODE_SIGN_STYLE = Automatic;
				CURRENT_PROJECT_VERSION = 1;
				GENERATE_INFOPLIST_FILE = YES;
				INFOPLIST_FILE = TimeHopper/App/Info.plist;
				INFOPLIST_KEY_CFBundleDisplayName = "Time Hooper";
				INFOPLIST_KEY_UIApplicationSupportsIndirectInputEvents = YES;
				INFOPLIST_KEY_UILaunchStoryboardName = LaunchScreen.storyboard;
				INFOPLIST_KEY_UIMainStoryboardFile = Main;
				INFOPLIST_KEY_UISupportedInterfaceOrientations = UIInterfaceOrientationPortrait;
				INFOPLIST_KEY_UISupportedInterfaceOrientations_iPad = "UIInterfaceOrientationLandscapeLeft UIInterfaceOrientationLandscapeRight UIInterfaceOrientationPortrait UIInterfaceOrientationPortraitUpsideDown";
				IPHONEOS_DEPLOYMENT_TARGET = 15.5;
				LD_RUNPATH_SEARCH_PATHS = (
					"$(inherited)",
					"@executable_path/Frameworks",
				);
				MARKETING_VERSION = 1.0;
				PRODUCT_BUNDLE_IDENTIFIER = elena.sharipova.TimeHopper;
				PRODUCT_NAME = "$(TARGET_NAME)";
				SUPPORTED_PLATFORMS = "iphoneos iphonesimulator";
				SUPPORTS_MACCATALYST = NO;
				SUPPORTS_MAC_DESIGNED_FOR_IPHONE_IPAD = NO;
				SWIFT_EMIT_LOC_STRINGS = YES;
				SWIFT_VERSION = 5.0;
				TARGETED_DEVICE_FAMILY = 1;
			};
			name = Release;
		};
/* End XCBuildConfiguration section */

/* Begin XCConfigurationList section */
		6C25D84829F7F9E300A3D238 /* Build configuration list for PBXProject "TimeHopper" */ = {
			isa = XCConfigurationList;
			buildConfigurations = (
				6C25D85F29F7F9E600A3D238 /* Debug */,
				6C25D86029F7F9E600A3D238 /* Release */,
			);
			defaultConfigurationIsVisible = 0;
			defaultConfigurationName = Release;
		};
		6C25D86129F7F9E600A3D238 /* Build configuration list for PBXNativeTarget "TimeHopper" */ = {
			isa = XCConfigurationList;
			buildConfigurations = (
				6C25D86229F7F9E600A3D238 /* Debug */,
				6C25D86329F7F9E600A3D238 /* Release */,
			);
			defaultConfigurationIsVisible = 0;
			defaultConfigurationName = Release;
		};
/* End XCConfigurationList section */
	};
	rootObject = 6C25D84529F7F9E300A3D238 /* Project object */;
}
